// !$*UTF8*$!
{
	archiveVersion = 1;
	classes = {
	};
	objectVersion = 46;
	objects = {

/* Begin PBXBuildFile section */
		EA1EC70717393AE200EBBED7 /* KWWikiViewController.m in Sources */ = {isa = PBXBuildFile; fileRef = EA1EC70517393AE200EBBED7 /* KWWikiViewController.m */; };
		EA1EC70817393AE200EBBED7 /* KWWikiViewController.xib in Resources */ = {isa = PBXBuildFile; fileRef = EA1EC70617393AE200EBBED7 /* KWWikiViewController.xib */; };
		EA1EC70B1739800200EBBED7 /* KWCharactersModel.m in Sources */ = {isa = PBXBuildFile; fileRef = EA1EC70A1739800200EBBED7 /* KWCharactersModel.m */; };
		EA1EC70E173987D100EBBED7 /* KWCharactersViewController.m in Sources */ = {isa = PBXBuildFile; fileRef = EA1EC70D173987D100EBBED7 /* KWCharactersViewController.m */; };
		EA5A9F5E173830240059AC5E /* UIKit.framework in Frameworks */ = {isa = PBXBuildFile; fileRef = EA5A9F5D173830240059AC5E /* UIKit.framework */; };
		EA5A9F60173830240059AC5E /* Foundation.framework in Frameworks */ = {isa = PBXBuildFile; fileRef = EA5A9F5F173830240059AC5E /* Foundation.framework */; };
		EA5A9F62173830240059AC5E /* CoreGraphics.framework in Frameworks */ = {isa = PBXBuildFile; fileRef = EA5A9F61173830240059AC5E /* CoreGraphics.framework */; };
		EA5A9F68173830240059AC5E /* InfoPlist.strings in Resources */ = {isa = PBXBuildFile; fileRef = EA5A9F66173830240059AC5E /* InfoPlist.strings */; };
		EA5A9F6A173830240059AC5E /* main.m in Sources */ = {isa = PBXBuildFile; fileRef = EA5A9F69173830240059AC5E /* main.m */; };
		EA5A9F6E173830240059AC5E /* KWAppDelegate.m in Sources */ = {isa = PBXBuildFile; fileRef = EA5A9F6D173830240059AC5E /* KWAppDelegate.m */; };
		EA5A9F70173830240059AC5E /* Default.png in Resources */ = {isa = PBXBuildFile; fileRef = EA5A9F6F173830240059AC5E /* Default.png */; };
		EA5A9F72173830240059AC5E /* Default@2x.png in Resources */ = {isa = PBXBuildFile; fileRef = EA5A9F71173830240059AC5E /* Default@2x.png */; };
		EA5A9F74173830240059AC5E /* Default-568h@2x.png in Resources */ = {isa = PBXBuildFile; fileRef = EA5A9F73173830240059AC5E /* Default-568h@2x.png */; };
		EA5A9F7C173839510059AC5E /* KWCharacterModel.m in Sources */ = {isa = PBXBuildFile; fileRef = EA5A9F7B173839510059AC5E /* KWCharacterModel.m */; };
		EA5A9F84173840AD0059AC5E /* KWCharacterViewController.m in Sources */ = {isa = PBXBuildFile; fileRef = EA5A9F82173840AD0059AC5E /* KWCharacterViewController.m */; };
		EA5A9F85173840AD0059AC5E /* KWCharacterViewController.xib in Resources */ = {isa = PBXBuildFile; fileRef = EA5A9F83173840AD0059AC5E /* KWCharacterViewController.xib */; };
		EA5A9F8E17384D5C0059AC5E /* vader.caf in Resources */ = {isa = PBXBuildFile; fileRef = EA5A9F8717384D5C0059AC5E /* vader.caf */; };
		EA5A9F8F17384D5C0059AC5E /* yoda.caf in Resources */ = {isa = PBXBuildFile; fileRef = EA5A9F8817384D5C0059AC5E /* yoda.caf */; };
		EA5A9F9017384D5C0059AC5E /* palpatine.caf in Resources */ = {isa = PBXBuildFile; fileRef = EA5A9F8917384D5C0059AC5E /* palpatine.caf */; };
		EA5A9F9117384D5C0059AC5E /* c3po.caf in Resources */ = {isa = PBXBuildFile; fileRef = EA5A9F8A17384D5C0059AC5E /* c3po.caf */; };
		EA5A9F9217384D5C0059AC5E /* chewbacca.caf in Resources */ = {isa = PBXBuildFile; fileRef = EA5A9F8B17384D5C0059AC5E /* chewbacca.caf */; };
		EA5A9F9317384D5C0059AC5E /* tarkin.caf in Resources */ = {isa = PBXBuildFile; fileRef = EA5A9F8C17384D5C0059AC5E /* tarkin.caf */; };
		EA5A9F9417384D5C0059AC5E /* r2-d2.caf in Resources */ = {isa = PBXBuildFile; fileRef = EA5A9F8D17384D5C0059AC5E /* r2-d2.caf */; };
		EA5A9F9D17384DA50059AC5E /* darthVader.jpg in Resources */ = {isa = PBXBuildFile; fileRef = EA5A9F9617384DA50059AC5E /* darthVader.jpg */; };
		EA5A9F9E17384DA50059AC5E /* yoda.jpg in Resources */ = {isa = PBXBuildFile; fileRef = EA5A9F9717384DA50059AC5E /* yoda.jpg */; };
		EA5A9F9F17384DA50059AC5E /* palpatine.jpg in Resources */ = {isa = PBXBuildFile; fileRef = EA5A9F9817384DA50059AC5E /* palpatine.jpg */; };
		EA5A9FA017384DA50059AC5E /* c3po.jpg in Resources */ = {isa = PBXBuildFile; fileRef = EA5A9F9917384DA50059AC5E /* c3po.jpg */; };
		EA5A9FA117384DA50059AC5E /* chewbacca.jpg in Resources */ = {isa = PBXBuildFile; fileRef = EA5A9F9A17384DA50059AC5E /* chewbacca.jpg */; };
		EA5A9FA217384DA50059AC5E /* tarkin.jpg in Resources */ = {isa = PBXBuildFile; fileRef = EA5A9F9B17384DA50059AC5E /* tarkin.jpg */; };
		EA5A9FA317384DA50059AC5E /* R2-D2.jpg in Resources */ = {isa = PBXBuildFile; fileRef = EA5A9F9C17384DA50059AC5E /* R2-D2.jpg */; };
		EA5A9FA517384DF40059AC5E /* iconSmall.png in Resources */ = {isa = PBXBuildFile; fileRef = EA5A9FA417384DF40059AC5E /* iconSmall.png */; };
		EA5A9FA717384DF80059AC5E /* icon.png in Resources */ = {isa = PBXBuildFile; fileRef = EA5A9FA617384DF80059AC5E /* icon.png */; };
		EA5A9FAA17384E720059AC5E /* CafPlayer.m in Sources */ = {isa = PBXBuildFile; fileRef = EA5A9FA917384E720059AC5E /* CafPlayer.m */; };
		EA5A9FAC173854030059AC5E /* AVFoundation.framework in Frameworks */ = {isa = PBXBuildFile; fileRef = EA5A9FAB173854030059AC5E /* AVFoundation.framework */; };
/* End PBXBuildFile section */

/* Begin PBXFileReference section */
		EA1EC70417393AE200EBBED7 /* KWWikiViewController.h */ = {isa = PBXFileReference; fileEncoding = 4; lastKnownFileType = sourcecode.c.h; path = KWWikiViewController.h; sourceTree = "<group>"; };
		EA1EC70517393AE200EBBED7 /* KWWikiViewController.m */ = {isa = PBXFileReference; fileEncoding = 4; lastKnownFileType = sourcecode.c.objc; path = KWWikiViewController.m; sourceTree = "<group>"; };
		EA1EC70617393AE200EBBED7 /* KWWikiViewController.xib */ = {isa = PBXFileReference; fileEncoding = 4; lastKnownFileType = file.xib; path = KWWikiViewController.xib; sourceTree = "<group>"; };
		EA1EC7091739800200EBBED7 /* KWCharactersModel.h */ = {isa = PBXFileReference; fileEncoding = 4; lastKnownFileType = sourcecode.c.h; name = KWCharactersModel.h; path = model/KWCharactersModel.h; sourceTree = "<group>"; };
		EA1EC70A1739800200EBBED7 /* KWCharactersModel.m */ = {isa = PBXFileReference; fileEncoding = 4; lastKnownFileType = sourcecode.c.objc; name = KWCharactersModel.m; path = model/KWCharactersModel.m; sourceTree = "<group>"; };
		EA1EC70C173987D100EBBED7 /* KWCharactersViewController.h */ = {isa = PBXFileReference; fileEncoding = 4; lastKnownFileType = sourcecode.c.h; path = KWCharactersViewController.h; sourceTree = "<group>"; };
		EA1EC70D173987D100EBBED7 /* KWCharactersViewController.m */ = {isa = PBXFileReference; fileEncoding = 4; lastKnownFileType = sourcecode.c.objc; path = KWCharactersViewController.m; sourceTree = "<group>"; };
		EA1EC70F173AD79C00EBBED7 /* Settings.h */ = {isa = PBXFileReference; fileEncoding = 4; lastKnownFileType = sourcecode.c.h; path = Settings.h; sourceTree = "<group>"; };
		EA5A9F5A173830240059AC5E /* StarWars.app */ = {isa = PBXFileReference; explicitFileType = wrapper.application; includeInIndex = 0; path = StarWars.app; sourceTree = BUILT_PRODUCTS_DIR; };
		EA5A9F5D173830240059AC5E /* UIKit.framework */ = {isa = PBXFileReference; lastKnownFileType = wrapper.framework; name = UIKit.framework; path = System/Library/Frameworks/UIKit.framework; sourceTree = SDKROOT; };
		EA5A9F5F173830240059AC5E /* Foundation.framework */ = {isa = PBXFileReference; lastKnownFileType = wrapper.framework; name = Foundation.framework; path = System/Library/Frameworks/Foundation.framework; sourceTree = SDKROOT; };
		EA5A9F61173830240059AC5E /* CoreGraphics.framework */ = {isa = PBXFileReference; lastKnownFileType = wrapper.framework; name = CoreGraphics.framework; path = System/Library/Frameworks/CoreGraphics.framework; sourceTree = SDKROOT; };
		EA5A9F65173830240059AC5E /* StarWars-Info.plist */ = {isa = PBXFileReference; lastKnownFileType = text.plist.xml; path = "StarWars-Info.plist"; sourceTree = "<group>"; };
		EA5A9F67173830240059AC5E /* en */ = {isa = PBXFileReference; lastKnownFileType = text.plist.strings; name = en; path = en.lproj/InfoPlist.strings; sourceTree = "<group>"; };
		EA5A9F69173830240059AC5E /* main.m */ = {isa = PBXFileReference; lastKnownFileType = sourcecode.c.objc; path = main.m; sourceTree = "<group>"; };
		EA5A9F6B173830240059AC5E /* StarWars-Prefix.pch */ = {isa = PBXFileReference; lastKnownFileType = sourcecode.c.h; path = "StarWars-Prefix.pch"; sourceTree = "<group>"; };
		EA5A9F6C173830240059AC5E /* KWAppDelegate.h */ = {isa = PBXFileReference; lastKnownFileType = sourcecode.c.h; path = KWAppDelegate.h; sourceTree = "<group>"; };
		EA5A9F6D173830240059AC5E /* KWAppDelegate.m */ = {isa = PBXFileReference; lastKnownFileType = sourcecode.c.objc; path = KWAppDelegate.m; sourceTree = "<group>"; };
		EA5A9F6F173830240059AC5E /* Default.png */ = {isa = PBXFileReference; lastKnownFileType = image.png; path = Default.png; sourceTree = "<group>"; };
		EA5A9F71173830240059AC5E /* Default@2x.png */ = {isa = PBXFileReference; lastKnownFileType = image.png; path = "Default@2x.png"; sourceTree = "<group>"; };
		EA5A9F73173830240059AC5E /* Default-568h@2x.png */ = {isa = PBXFileReference; lastKnownFileType = image.png; path = "Default-568h@2x.png"; sourceTree = "<group>"; };
		EA5A9F7A173839510059AC5E /* KWCharacterModel.h */ = {isa = PBXFileReference; fileEncoding = 4; lastKnownFileType = sourcecode.c.h; name = KWCharacterModel.h; path = model/KWCharacterModel.h; sourceTree = "<group>"; };
		EA5A9F7B173839510059AC5E /* KWCharacterModel.m */ = {isa = PBXFileReference; fileEncoding = 4; lastKnownFileType = sourcecode.c.objc; name = KWCharacterModel.m; path = model/KWCharacterModel.m; sourceTree = "<group>"; };
		EA5A9F81173840AD0059AC5E /* KWCharacterViewController.h */ = {isa = PBXFileReference; fileEncoding = 4; lastKnownFileType = sourcecode.c.h; path = KWCharacterViewController.h; sourceTree = "<group>"; };
		EA5A9F82173840AD0059AC5E /* KWCharacterViewController.m */ = {isa = PBXFileReference; fileEncoding = 4; lastKnownFileType = sourcecode.c.objc; path = KWCharacterViewController.m; sourceTree = "<group>"; };
		EA5A9F83173840AD0059AC5E /* KWCharacterViewController.xib */ = {isa = PBXFileReference; fileEncoding = 4; lastKnownFileType = file.xib; path = KWCharacterViewController.xib; sourceTree = "<group>"; };
		EA5A9F8717384D5C0059AC5E /* vader.caf */ = {isa = PBXFileReference; lastKnownFileType = file; path = vader.caf; sourceTree = "<group>"; };
		EA5A9F8817384D5C0059AC5E /* yoda.caf */ = {isa = PBXFileReference; lastKnownFileType = file; path = yoda.caf; sourceTree = "<group>"; };
		EA5A9F8917384D5C0059AC5E /* palpatine.caf */ = {isa = PBXFileReference; lastKnownFileType = file; path = palpatine.caf; sourceTree = "<group>"; };
		EA5A9F8A17384D5C0059AC5E /* c3po.caf */ = {isa = PBXFileReference; lastKnownFileType = file; path = c3po.caf; sourceTree = "<group>"; };
		EA5A9F8B17384D5C0059AC5E /* chewbacca.caf */ = {isa = PBXFileReference; lastKnownFileType = file; path = chewbacca.caf; sourceTree = "<group>"; };
		EA5A9F8C17384D5C0059AC5E /* tarkin.caf */ = {isa = PBXFileReference; lastKnownFileType = file; path = tarkin.caf; sourceTree = "<group>"; };
		EA5A9F8D17384D5C0059AC5E /* r2-d2.caf */ = {isa = PBXFileReference; lastKnownFileType = file; path = "r2-d2.caf"; sourceTree = "<group>"; };
		EA5A9F9617384DA50059AC5E /* darthVader.jpg */ = {isa = PBXFileReference; lastKnownFileType = image.jpeg; path = darthVader.jpg; sourceTree = "<group>"; };
		EA5A9F9717384DA50059AC5E /* yoda.jpg */ = {isa = PBXFileReference; lastKnownFileType = image.jpeg; path = yoda.jpg; sourceTree = "<group>"; };
		EA5A9F9817384DA50059AC5E /* palpatine.jpg */ = {isa = PBXFileReference; lastKnownFileType = image.jpeg; path = palpatine.jpg; sourceTree = "<group>"; };
		EA5A9F9917384DA50059AC5E /* c3po.jpg */ = {isa = PBXFileReference; lastKnownFileType = image.jpeg; path = c3po.jpg; sourceTree = "<group>"; };
		EA5A9F9A17384DA50059AC5E /* chewbacca.jpg */ = {isa = PBXFileReference; lastKnownFileType = image.jpeg; path = chewbacca.jpg; sourceTree = "<group>"; };
		EA5A9F9B17384DA50059AC5E /* tarkin.jpg */ = {isa = PBXFileReference; lastKnownFileType = image.jpeg; path = tarkin.jpg; sourceTree = "<group>"; };
		EA5A9F9C17384DA50059AC5E /* R2-D2.jpg */ = {isa = PBXFileReference; lastKnownFileType = image.jpeg; path = "R2-D2.jpg"; sourceTree = "<group>"; };
		EA5A9FA417384DF40059AC5E /* iconSmall.png */ = {isa = PBXFileReference; lastKnownFileType = image.png; name = iconSmall.png; path = ../iconSmall.png; sourceTree = "<group>"; };
		EA5A9FA617384DF80059AC5E /* icon.png */ = {isa = PBXFileReference; lastKnownFileType = image.png; name = icon.png; path = ../icon.png; sourceTree = "<group>"; };
		EA5A9FA817384E720059AC5E /* CafPlayer.h */ = {isa = PBXFileReference; fileEncoding = 4; lastKnownFileType = sourcecode.c.h; path = CafPlayer.h; sourceTree = "<group>"; };
		EA5A9FA917384E720059AC5E /* CafPlayer.m */ = {isa = PBXFileReference; fileEncoding = 4; lastKnownFileType = sourcecode.c.objc; path = CafPlayer.m; sourceTree = "<group>"; };
		EA5A9FAB173854030059AC5E /* AVFoundation.framework */ = {isa = PBXFileReference; lastKnownFileType = wrapper.framework; name = AVFoundation.framework; path = System/Library/Frameworks/AVFoundation.framework; sourceTree = SDKROOT; };
/* End PBXFileReference section */

/* Begin PBXFrameworksBuildPhase section */
		EA5A9F57173830240059AC5E /* Frameworks */ = {
			isa = PBXFrameworksBuildPhase;
			buildActionMask = 2147483647;
			files = (
				EA5A9FAC173854030059AC5E /* AVFoundation.framework in Frameworks */,
				EA5A9F5E173830240059AC5E /* UIKit.framework in Frameworks */,
				EA5A9F60173830240059AC5E /* Foundation.framework in Frameworks */,
				EA5A9F62173830240059AC5E /* CoreGraphics.framework in Frameworks */,
			);
			runOnlyForDeploymentPostprocessing = 0;
		};
/* End PBXFrameworksBuildPhase section */

/* Begin PBXGroup section */
		EA5A9F51173830240059AC5E = {
			isa = PBXGroup;
			children = (
				EA1EC70F173AD79C00EBBED7 /* Settings.h */,
				EA5A9F63173830240059AC5E /* StarWars */,
				EA5A9F5C173830240059AC5E /* Frameworks */,
				EA5A9F5B173830240059AC5E /* Products */,
			);
			sourceTree = "<group>";
		};
		EA5A9F5B173830240059AC5E /* Products */ = {
			isa = PBXGroup;
			children = (
				EA5A9F5A173830240059AC5E /* StarWars.app */,
			);
			name = Products;
			sourceTree = "<group>";
		};
		EA5A9F5C173830240059AC5E /* Frameworks */ = {
			isa = PBXGroup;
			children = (
				EA5A9FAB173854030059AC5E /* AVFoundation.framework */,
				EA5A9F5D173830240059AC5E /* UIKit.framework */,
				EA5A9F5F173830240059AC5E /* Foundation.framework */,
				EA5A9F61173830240059AC5E /* CoreGraphics.framework */,
			);
			name = Frameworks;
			sourceTree = "<group>";
		};
		EA5A9F63173830240059AC5E /* StarWars */ = {
			isa = PBXGroup;
			children = (
				EA5A9FA817384E720059AC5E /* CafPlayer.h */,
				EA5A9FA917384E720059AC5E /* CafPlayer.m */,
				EA5A9F9517384D650059AC5E /* resources */,
				EA5A9F86173840BD0059AC5E /* Controller */,
				EA5A9F7D1738395A0059AC5E /* models */,
				EA5A9F6C173830240059AC5E /* KWAppDelegate.h */,
				EA5A9F6D173830240059AC5E /* KWAppDelegate.m */,
				EA5A9F64173830240059AC5E /* Supporting Files */,
			);
			path = StarWars;
			sourceTree = "<group>";
		};
		EA5A9F64173830240059AC5E /* Supporting Files */ = {
			isa = PBXGroup;
			children = (
				EA5A9F65173830240059AC5E /* StarWars-Info.plist */,
				EA5A9F66173830240059AC5E /* InfoPlist.strings */,
				EA5A9F69173830240059AC5E /* main.m */,
				EA5A9F6B173830240059AC5E /* StarWars-Prefix.pch */,
				EA5A9F6F173830240059AC5E /* Default.png */,
				EA5A9F71173830240059AC5E /* Default@2x.png */,
				EA5A9F73173830240059AC5E /* Default-568h@2x.png */,
			);
			name = "Supporting Files";
			sourceTree = "<group>";
		};
		EA5A9F7D1738395A0059AC5E /* models */ = {
			isa = PBXGroup;
			children = (
				EA1EC7091739800200EBBED7 /* KWCharactersModel.h */,
				EA1EC70A1739800200EBBED7 /* KWCharactersModel.m */,
				EA5A9F7A173839510059AC5E /* KWCharacterModel.h */,
				EA5A9F7B173839510059AC5E /* KWCharacterModel.m */,
			);
			name = models;
			sourceTree = "<group>";
		};
		EA5A9F86173840BD0059AC5E /* Controller */ = {
			isa = PBXGroup;
			children = (
				EA1EC70C173987D100EBBED7 /* KWCharactersViewController.h */,
				EA1EC70D173987D100EBBED7 /* KWCharactersViewController.m */,
				EA1EC70417393AE200EBBED7 /* KWWikiViewController.h */,
				EA1EC70517393AE200EBBED7 /* KWWikiViewController.m */,
				EA1EC70617393AE200EBBED7 /* KWWikiViewController.xib */,
				EA5A9F81173840AD0059AC5E /* KWCharacterViewController.h */,
				EA5A9F82173840AD0059AC5E /* KWCharacterViewController.m */,
				EA5A9F83173840AD0059AC5E /* KWCharacterViewController.xib */,
			);
			name = Controller;
			path = ..;
			sourceTree = "<group>";
		};
		EA5A9F9517384D650059AC5E /* resources */ = {
			isa = PBXGroup;
			children = (
				EA5A9FA617384DF80059AC5E /* icon.png */,
				EA5A9FA417384DF40059AC5E /* iconSmall.png */,
				EA5A9F9617384DA50059AC5E /* darthVader.jpg */,
				EA5A9F9717384DA50059AC5E /* yoda.jpg */,
				EA5A9F9817384DA50059AC5E /* palpatine.jpg */,
				EA5A9F9917384DA50059AC5E /* c3po.jpg */,
				EA5A9F9A17384DA50059AC5E /* chewbacca.jpg */,
				EA5A9F9B17384DA50059AC5E /* tarkin.jpg */,
				EA5A9F9C17384DA50059AC5E /* R2-D2.jpg */,
				EA5A9F8717384D5C0059AC5E /* vader.caf */,
				EA5A9F8817384D5C0059AC5E /* yoda.caf */,
				EA5A9F8917384D5C0059AC5E /* palpatine.caf */,
				EA5A9F8A17384D5C0059AC5E /* c3po.caf */,
				EA5A9F8B17384D5C0059AC5E /* chewbacca.caf */,
				EA5A9F8C17384D5C0059AC5E /* tarkin.caf */,
				EA5A9F8D17384D5C0059AC5E /* r2-d2.caf */,
			);
			name = resources;
			sourceTree = "<group>";
		};
/* End PBXGroup section */

/* Begin PBXNativeTarget section */
		EA5A9F59173830240059AC5E /* StarWars */ = {
			isa = PBXNativeTarget;
			buildConfigurationList = EA5A9F77173830240059AC5E /* Build configuration list for PBXNativeTarget "StarWars" */;
			buildPhases = (
				EA5A9F56173830240059AC5E /* Sources */,
				EA5A9F57173830240059AC5E /* Frameworks */,
				EA5A9F58173830240059AC5E /* Resources */,
			);
			buildRules = (
			);
			dependencies = (
			);
			name = StarWars;
			productName = StarWars;
			productReference = EA5A9F5A173830240059AC5E /* StarWars.app */;
			productType = "com.apple.product-type.application";
		};
/* End PBXNativeTarget section */

/* Begin PBXProject section */
		EA5A9F52173830240059AC5E /* Project object */ = {
			isa = PBXProject;
			attributes = {
				CLASSPREFIX = KW;
				LastUpgradeCheck = 0460;
				ORGANIZATIONNAME = Kwan;
			};
			buildConfigurationList = EA5A9F55173830240059AC5E /* Build configuration list for PBXProject "StarWars" */;
			compatibilityVersion = "Xcode 3.2";
			developmentRegion = English;
			hasScannedForEncodings = 0;
			knownRegions = (
				en,
			);
			mainGroup = EA5A9F51173830240059AC5E;
			productRefGroup = EA5A9F5B173830240059AC5E /* Products */;
			projectDirPath = "";
			projectRoot = "";
			targets = (
				EA5A9F59173830240059AC5E /* StarWars */,
			);
		};
/* End PBXProject section */

/* Begin PBXResourcesBuildPhase section */
		EA5A9F58173830240059AC5E /* Resources */ = {
			isa = PBXResourcesBuildPhase;
			buildActionMask = 2147483647;
			files = (
				EA5A9F68173830240059AC5E /* InfoPlist.strings in Resources */,
				EA5A9F70173830240059AC5E /* Default.png in Resources */,
				EA5A9F72173830240059AC5E /* Default@2x.png in Resources */,
				EA5A9F74173830240059AC5E /* Default-568h@2x.png in Resources */,
				EA5A9F85173840AD0059AC5E /* KWCharacterViewController.xib in Resources */,
				EA5A9F8E17384D5C0059AC5E /* vader.caf in Resources */,
				EA5A9F8F17384D5C0059AC5E /* yoda.caf in Resources */,
				EA5A9F9017384D5C0059AC5E /* palpatine.caf in Resources */,
				EA5A9F9117384D5C0059AC5E /* c3po.caf in Resources */,
				EA5A9F9217384D5C0059AC5E /* chewbacca.caf in Resources */,
				EA5A9F9317384D5C0059AC5E /* tarkin.caf in Resources */,
				EA5A9F9417384D5C0059AC5E /* r2-d2.caf in Resources */,
				EA5A9F9D17384DA50059AC5E /* darthVader.jpg in Resources */,
				EA5A9F9E17384DA50059AC5E /* yoda.jpg in Resources */,
				EA5A9F9F17384DA50059AC5E /* palpatine.jpg in Resources */,
				EA5A9FA017384DA50059AC5E /* c3po.jpg in Resources */,
				EA5A9FA117384DA50059AC5E /* chewbacca.jpg in Resources */,
				EA5A9FA217384DA50059AC5E /* tarkin.jpg in Resources */,
				EA5A9FA317384DA50059AC5E /* R2-D2.jpg in Resources */,
				EA5A9FA517384DF40059AC5E /* iconSmall.png in Resources */,
				EA5A9FA717384DF80059AC5E /* icon.png in Resources */,
				EA1EC70817393AE200EBBED7 /* KWWikiViewController.xib in Resources */,
			);
			runOnlyForDeploymentPostprocessing = 0;
		};
/* End PBXResourcesBuildPhase section */

/* Begin PBXSourcesBuildPhase section */
		EA5A9F56173830240059AC5E /* Sources */ = {
			isa = PBXSourcesBuildPhase;
			buildActionMask = 2147483647;
			files = (
				EA5A9F6A173830240059AC5E /* main.m in Sources */,
				EA5A9F6E173830240059AC5E /* KWAppDelegate.m in Sources */,
				EA5A9F7C173839510059AC5E /* KWCharacterModel.m in Sources */,
				EA5A9F84173840AD0059AC5E /* KWCharacterViewController.m in Sources */,
				EA5A9FAA17384E720059AC5E /* CafPlayer.m in Sources */,
				EA1EC70717393AE200EBBED7 /* KWWikiViewController.m in Sources */,
				EA1EC70B1739800200EBBED7 /* KWCharactersModel.m in Sources */,
				EA1EC70E173987D100EBBED7 /* KWCharactersViewController.m in Sources */,
			);
			runOnlyForDeploymentPostprocessing = 0;
		};
/* End PBXSourcesBuildPhase section */

/* Begin PBXVariantGroup section */
		EA5A9F66173830240059AC5E /* InfoPlist.strings */ = {
			isa = PBXVariantGroup;
			children = (
				EA5A9F67173830240059AC5E /* en */,
			);
			name = InfoPlist.strings;
			sourceTree = "<group>";
		};
/* End PBXVariantGroup section */

/* Begin XCBuildConfiguration section */
		EA5A9F75173830240059AC5E /* Debug */ = {
			isa = XCBuildConfiguration;
			buildSettings = {
				ALWAYS_SEARCH_USER_PATHS = NO;
				CLANG_CXX_LANGUAGE_STANDARD = "gnu++0x";
				CLANG_CXX_LIBRARY = "libc++";
				CLANG_ENABLE_OBJC_ARC = YES;
				CLANG_WARN_CONSTANT_CONVERSION = YES;
				CLANG_WARN_EMPTY_BODY = YES;
				CLANG_WARN_ENUM_CONVERSION = YES;
				CLANG_WARN_INT_CONVERSION = YES;
				CLANG_WARN__DUPLICATE_METHOD_MATCH = YES;
				"CODE_SIGN_IDENTITY[sdk=iphoneos*]" = "iPhone Developer";
				COPY_PHASE_STRIP = NO;
				GCC_C_LANGUAGE_STANDARD = gnu99;
				GCC_DYNAMIC_NO_PIC = NO;
				GCC_OPTIMIZATION_LEVEL = 0;
				GCC_PREPROCESSOR_DEFINITIONS = (
					"DEBUG=1",
					"$(inherited)",
				);
				GCC_SYMBOLS_PRIVATE_EXTERN = NO;
				GCC_WARN_ABOUT_RETURN_TYPE = YES;
				GCC_WARN_UNINITIALIZED_AUTOS = YES;
				GCC_WARN_UNUSED_VARIABLE = YES;
				IPHONEOS_DEPLOYMENT_TARGET = 6.1;
				ONLY_ACTIVE_ARCH = YES;
				SDKROOT = iphoneos;
				TARGETED_DEVICE_FAMILY = 2;
			};
			name = Debug;
		};
		EA5A9F76173830240059AC5E /* Release */ = {
			isa = XCBuildConfiguration;
			buildSettings = {
				ALWAYS_SEARCH_USER_PATHS = NO;
				CLANG_CXX_LANGUAGE_STANDARD = "gnu++0x";
				CLANG_CXX_LIBRARY = "libc++";
				CLANG_ENABLE_OBJC_ARC = YES;
				CLANG_WARN_CONSTANT_CONVERSION = YES;
				CLANG_WARN_EMPTY_BODY = YES;
				CLANG_WARN_ENUM_CONVERSION = YES;
				CLANG_WARN_INT_CONVERSION = YES;
				CLANG_WARN__DUPLICATE_METHOD_MATCH = YES;
				"CODE_SIGN_IDENTITY[sdk=iphoneos*]" = "iPhone Developer";
				COPY_PHASE_STRIP = YES;
				GCC_C_LANGUAGE_STANDARD = gnu99;
				GCC_WARN_ABOUT_RETURN_TYPE = YES;
				GCC_WARN_UNINITIALIZED_AUTOS = YES;
				GCC_WARN_UNUSED_VARIABLE = YES;
				IPHONEOS_DEPLOYMENT_TARGET = 6.1;
				OTHER_CFLAGS = "-DNS_BLOCK_ASSERTIONS=1";
				SDKROOT = iphoneos;
				TARGETED_DEVICE_FAMILY = 2;
				VALIDATE_PRODUCT = YES;
			};
			name = Release;
		};
		EA5A9F78173830240059AC5E /* Debug */ = {
			isa = XCBuildConfiguration;
			buildSettings = {
				GCC_PRECOMPILE_PREFIX_HEADER = YES;
				GCC_PREFIX_HEADER = "StarWars/StarWars-Prefix.pch";
				GCC_WARN_UNDECLARED_SELECTOR = YES;
				INFOPLIST_FILE = "StarWars/StarWars-Info.plist";
				PRODUCT_NAME = "$(TARGET_NAME)";
				TARGETED_DEVICE_FAMILY = "1,2";
				WRAPPER_EXTENSION = app;
			};
			name = Debug;
		};
		EA5A9F79173830240059AC5E /* Release */ = {
			isa = XCBuildConfiguration;
			buildSettings = {
				GCC_PRECOMPILE_PREFIX_HEADER = YES;
				GCC_PREFIX_HEADER = "StarWars/StarWars-Prefix.pch";
				GCC_WARN_UNDECLARED_SELECTOR = YES;
				INFOPLIST_FILE = "StarWars/StarWars-Info.plist";
				PRODUCT_NAME = "$(TARGET_NAME)";
				TARGETED_DEVICE_FAMILY = "1,2";
				WRAPPER_EXTENSION = app;
			};
			name = Release;
		};
/* End XCBuildConfiguration section */

/* Begin XCConfigurationList section */
		EA5A9F55173830240059AC5E /* Build configuration list for PBXProject "StarWars" */ = {
			isa = XCConfigurationList;
			buildConfigurations = (
				EA5A9F75173830240059AC5E /* Debug */,
				EA5A9F76173830240059AC5E /* Release */,
			);
			defaultConfigurationIsVisible = 0;
			defaultConfigurationName = Release;
		};
		EA5A9F77173830240059AC5E /* Build configuration list for PBXNativeTarget "StarWars" */ = {
			isa = XCConfigurationList;
			buildConfigurations = (
				EA5A9F78173830240059AC5E /* Debug */,
				EA5A9F79173830240059AC5E /* Release */,
			);
			defaultConfigurationIsVisible = 0;
			defaultConfigurationName = Release;
		};
/* End XCConfigurationList section */
	};
	rootObject = EA5A9F52173830240059AC5E /* Project object */;
}
